
Microsoft Visual Studio Solution File, Format Version 12.00
# Visual Studio 14
VisualStudioVersion = 14.0.25420.1
MinimumVisualStudioVersion = 10.0.40219.1
Project("{FAE04EC0-301F-11D3-BF4B-00C04F79EFBC}") = "9amBatchjune2020", "9amBatchjune2020\9amBatchjune2020.csproj", "{7FE69F0C-F237-44BC-A2F4-D08FDC0BBBB8}"
EndProject
Project("{FAE04EC0-301F-11D3-BF4B-00C04F79EFBC}") = "AdoExample", "AdoExample\AdoExample.csproj", "{AD77C4B5-585F-4A7D-9418-3521ED3476AB}"
	ProjectSection(ProjectDependencies) = postProject
		{7FE69F0C-F237-44BC-A2F4-D08FDC0BBBB8} = {7FE69F0C-F237-44BC-A2F4-D08FDC0BBBB8}
	EndProjectSection
EndProject
Project("{FAE04EC0-301F-11D3-BF4B-00C04F79EFBC}") = "ModelFirstApproach", "ModelFirstApproach\ModelFirstApproach.csproj", "{2747BF96-E227-46BC-90F9-BA06ADBB5116}"
EndProject
Project("{FAE04EC0-301F-11D3-BF4B-00C04F79EFBC}") = "CodeFirstApproach", "CodeFirstApproach\CodeFirstApproach.csproj", "{0A91F197-60B7-4CFF-BC7F-1DFB368AE1EE}"
EndProject
Project("{FAE04EC0-301F-11D3-BF4B-00C04F79EFBC}") = "BundlingExample", "BundlingExample\BundlingExample.csproj", "{15265547-56E5-4D19-9DD4-C7A6837C4C39}"
EndProject
Project("{FAE04EC0-301F-11D3-BF4B-00C04F79EFBC}") = "webApi", "webApi\webApi.csproj", "{326DF1E9-9835-4133-8FBB-6837D960EA8E}"
EndProject
Global
	GlobalSection(SolutionConfigurationPlatforms) = preSolution
		Debug|Any CPU = Debug|Any CPU
		Release|Any CPU = Release|Any CPU
	EndGlobalSection
	GlobalSection(ProjectConfigurationPlatforms) = postSolution
		{7FE69F0C-F237-44BC-A2F4-D08FDC0BBBB8}.Debug|Any CPU.ActiveCfg = Debug|Any CPU
		{7FE69F0C-F237-44BC-A2F4-D08FDC0BBBB8}.Debug|Any CPU.Build.0 = Debug|Any CPU
		{7FE69F0C-F237-44BC-A2F4-D08FDC0BBBB8}.Release|Any CPU.ActiveCfg = Release|Any CPU
		{7FE69F0C-F237-44BC-A2F4-D08FDC0BBBB8}.Release|Any CPU.Build.0 = Release|Any CPU
		{AD77C4B5-585F-4A7D-9418-3521ED3476AB}.Debug|Any CPU.ActiveCfg = Debug|Any CPU
		{AD77C4B5-585F-4A7D-9418-3521ED3476AB}.Debug|Any CPU.Build.0 = Debug|Any CPU
		{AD77C4B5-585F-4A7D-9418-3521ED3476AB}.Release|Any CPU.ActiveCfg = Release|Any CPU
		{AD77C4B5-585F-4A7D-9418-3521ED3476AB}.Release|Any CPU.Build.0 = Release|Any CPU
		{2747BF96-E227-46BC-90F9-BA06ADBB5116}.Debug|Any CPU.ActiveCfg = Debug|Any CPU
		{2747BF96-E227-46BC-90F9-BA06ADBB5116}.Debug|Any CPU.Build.0 = Debug|Any CPU
		{2747BF96-E227-46BC-90F9-BA06ADBB5116}.Release|Any CPU.ActiveCfg = Release|Any CPU
		{2747BF96-E227-46BC-90F9-BA06ADBB5116}.Release|Any CPU.Build.0 = Release|Any CPU
		{0A91F197-60B7-4CFF-BC7F-1DFB368AE1EE}.Debug|Any CPU.ActiveCfg = Debug|Any CPU
		{0A91F197-60B7-4CFF-BC7F-1DFB368AE1EE}.Debug|Any CPU.Build.0 = Debug|Any CPU
		{0A91F197-60B7-4CFF-BC7F-1DFB368AE1EE}.Release|Any CPU.ActiveCfg = Release|Any CPU
		{0A91F197-60B7-4CFF-BC7F-1DFB368AE1EE}.Release|Any CPU.Build.0 = Release|Any CPU
		{15265547-56E5-4D19-9DD4-C7A6837C4C39}.Debug|Any CPU.ActiveCfg = Debug|Any CPU
		{15265547-56E5-4D19-9DD4-C7A6837C4C39}.Debug|Any CPU.Build.0 = Debug|Any CPU
		{15265547-56E5-4D19-9DD4-C7A6837C4C39}.Release|Any CPU.ActiveCfg = Release|Any CPU
		{15265547-56E5-4D19-9DD4-C7A6837C4C39}.Release|Any CPU.Build.0 = Release|Any CPU
		{326DF1E9-9835-4133-8FBB-6837D960EA8E}.Debug|Any CPU.ActiveCfg = Debug|Any CPU
		{326DF1E9-9835-4133-8FBB-6837D960EA8E}.Debug|Any CPU.Build.0 = Debug|Any CPU
		{326DF1E9-9835-4133-8FBB-6837D960EA8E}.Release|Any CPU.ActiveCfg = Release|Any CPU
		{326DF1E9-9835-4133-8FBB-6837D960EA8E}.Release|Any CPU.Build.0 = Release|Any CPU
	EndGlobalSection
	GlobalSection(SolutionProperties) = preSolution
		HideSolutionNode = FALSE
	EndGlobalSection
EndGlobal
